// !$*UTF8*$!
{
	archiveVersion = 1;
	classes = {
	};
	objectVersion = 50;
	objects = {

/* Begin PBXBuildFile section */
		39AAEFEC3C6AADACDEB9AE99 /* Pods_TaskUITests.framework in Frameworks */ = {isa = PBXBuildFile; fileRef = 71B1675666E7031C993C24A5 /* Pods_TaskUITests.framework */; };
		52789CA2F8AD146193D6C233 /* Pods_TaskTests.framework in Frameworks */ = {isa = PBXBuildFile; fileRef = 111BAE416A50E031982BFD7C /* Pods_TaskTests.framework */; };
		5A6C8DE822935CCD0057778B /* GallarySectionCollectionReusableView.swift in Sources */ = {isa = PBXBuildFile; fileRef = 5A6C8DE722935CCD0057778B /* GallarySectionCollectionReusableView.swift */; };
		5A6C8DEC229373B30057778B /* Address.xib in Resources */ = {isa = PBXBuildFile; fileRef = 5A6C8DEB229373B30057778B /* Address.xib */; };
		5A6C8DEE229373D20057778B /* Address.swift in Sources */ = {isa = PBXBuildFile; fileRef = 5A6C8DED229373D10057778B /* Address.swift */; };
		5A6C8DF1229376820057778B /* CompanyComponent.swift in Sources */ = {isa = PBXBuildFile; fileRef = 5A6C8DF0229376820057778B /* CompanyComponent.swift */; };
		5A6C8DF3229376940057778B /* CompanyComponent.xib in Resources */ = {isa = PBXBuildFile; fileRef = 5A6C8DF2229376940057778B /* CompanyComponent.xib */; };
		5A70000F2291C3AD00EF1579 /* AppDelegate.swift in Sources */ = {isa = PBXBuildFile; fileRef = 5A70000E2291C3AD00EF1579 /* AppDelegate.swift */; };
		5A7000142291C3AD00EF1579 /* Main.storyboard in Resources */ = {isa = PBXBuildFile; fileRef = 5A7000122291C3AD00EF1579 /* Main.storyboard */; };
		5A7000162291C3B300EF1579 /* Assets.xcassets in Resources */ = {isa = PBXBuildFile; fileRef = 5A7000152291C3B300EF1579 /* Assets.xcassets */; };
		5A7000192291C3B300EF1579 /* LaunchScreen.storyboard in Resources */ = {isa = PBXBuildFile; fileRef = 5A7000172291C3B300EF1579 /* LaunchScreen.storyboard */; };
		5A7000242291C3B400EF1579 /* TaskTests.swift in Sources */ = {isa = PBXBuildFile; fileRef = 5A7000232291C3B400EF1579 /* TaskTests.swift */; };
		5A70002F2291C3B400EF1579 /* TaskUITests.swift in Sources */ = {isa = PBXBuildFile; fileRef = 5A70002E2291C3B400EF1579 /* TaskUITests.swift */; };
		5AFF3A802291C5FE00CDCB6F /* BaseService.swift in Sources */ = {isa = PBXBuildFile; fileRef = 5AFF3A7F2291C5FE00CDCB6F /* BaseService.swift */; };
		5AFF3A822291C66D00CDCB6F /* UserService.swift in Sources */ = {isa = PBXBuildFile; fileRef = 5AFF3A812291C66D00CDCB6F /* UserService.swift */; };
		5AFF3A842291C67C00CDCB6F /* AlbumsService.swift in Sources */ = {isa = PBXBuildFile; fileRef = 5AFF3A832291C67C00CDCB6F /* AlbumsService.swift */; };
		5AFF3A862291C80D00CDCB6F /* User.swift in Sources */ = {isa = PBXBuildFile; fileRef = 5AFF3A852291C80D00CDCB6F /* User.swift */; };
		5AFF3A882291C88A00CDCB6F /* Photos.swift in Sources */ = {isa = PBXBuildFile; fileRef = 5AFF3A872291C88A00CDCB6F /* Photos.swift */; };
		5AFF3A8A2291CE7900CDCB6F /* PhotosViewController.swift in Sources */ = {isa = PBXBuildFile; fileRef = 5AFF3A892291CE7900CDCB6F /* PhotosViewController.swift */; };
		5AFF3A8C2291CEA700CDCB6F /* UsersViewController.swift in Sources */ = {isa = PBXBuildFile; fileRef = 5AFF3A8B2291CEA700CDCB6F /* UsersViewController.swift */; };
		5AFF3A8E2291CFCA00CDCB6F /* DetailsViewController.swift in Sources */ = {isa = PBXBuildFile; fileRef = 5AFF3A8D2291CFCA00CDCB6F /* DetailsViewController.swift */; };
		5AFF3A912291D15500CDCB6F /* UserTableViewCell.swift in Sources */ = {isa = PBXBuildFile; fileRef = 5AFF3A902291D15500CDCB6F /* UserTableViewCell.swift */; };
		64088903DC1F3B33323062C2 /* Pods_Task.framework in Frameworks */ = {isa = PBXBuildFile; fileRef = B36CD7495B7318BCB4D4D0BC /* Pods_Task.framework */; };
		C7630A5B2293FF2300F89F2A /* ImageCollectionViewCell.swift in Sources */ = {isa = PBXBuildFile; fileRef = C7630A5A2293FF2300F89F2A /* ImageCollectionViewCell.swift */; };
		C7630A5F22940B4700F89F2A /* ImageStore.swift in Sources */ = {isa = PBXBuildFile; fileRef = C7630A5E22940B4700F89F2A /* ImageStore.swift */; };
		C7630A622294461D00F89F2A /* Album.swift in Sources */ = {isa = PBXBuildFile; fileRef = C7630A612294461D00F89F2A /* Album.swift */; };
/* End PBXBuildFile section */

/* Begin PBXContainerItemProxy section */
		5A7000202291C3B400EF1579 /* PBXContainerItemProxy */ = {
			isa = PBXContainerItemProxy;
			containerPortal = 5A7000032291C3AC00EF1579 /* Project object */;
			proxyType = 1;
			remoteGlobalIDString = 5A70000A2291C3AD00EF1579;
			remoteInfo = Task;
		};
		5A70002B2291C3B400EF1579 /* PBXContainerItemProxy */ = {
			isa = PBXContainerItemProxy;
			containerPortal = 5A7000032291C3AC00EF1579 /* Project object */;
			proxyType = 1;
			remoteGlobalIDString = 5A70000A2291C3AD00EF1579;
			remoteInfo = Task;
		};
/* End PBXContainerItemProxy section */

/* Begin PBXFileReference section */
		111BAE416A50E031982BFD7C /* Pods_TaskTests.framework */ = {isa = PBXFileReference; explicitFileType = wrapper.framework; includeInIndex = 0; path = Pods_TaskTests.framework; sourceTree = BUILT_PRODUCTS_DIR; };
		3B39A6C7ED61779E37BF88A4 /* Pods-TaskUITests.debug.xcconfig */ = {isa = PBXFileReference; includeInIndex = 1; lastKnownFileType = text.xcconfig; name = "Pods-TaskUITests.debug.xcconfig"; path = "Target Support Files/Pods-TaskUITests/Pods-TaskUITests.debug.xcconfig"; sourceTree = "<group>"; };
		43F1745BDDA9BECCE6146108 /* Pods-Task.release.xcconfig */ = {isa = PBXFileReference; includeInIndex = 1; lastKnownFileType = text.xcconfig; name = "Pods-Task.release.xcconfig"; path = "Target Support Files/Pods-Task/Pods-Task.release.xcconfig"; sourceTree = "<group>"; };
		561C298E9132086FCA1200BF /* Pods-TaskUITests.release.xcconfig */ = {isa = PBXFileReference; includeInIndex = 1; lastKnownFileType = text.xcconfig; name = "Pods-TaskUITests.release.xcconfig"; path = "Target Support Files/Pods-TaskUITests/Pods-TaskUITests.release.xcconfig"; sourceTree = "<group>"; };
		5A6C8DE722935CCD0057778B /* GallarySectionCollectionReusableView.swift */ = {isa = PBXFileReference; lastKnownFileType = sourcecode.swift; path = GallarySectionCollectionReusableView.swift; sourceTree = "<group>"; };
		5A6C8DEB229373B30057778B /* Address.xib */ = {isa = PBXFileReference; lastKnownFileType = file.xib; path = Address.xib; sourceTree = "<group>"; };
		5A6C8DED229373D10057778B /* Address.swift */ = {isa = PBXFileReference; lastKnownFileType = sourcecode.swift; path = Address.swift; sourceTree = "<group>"; };
		5A6C8DF0229376820057778B /* CompanyComponent.swift */ = {isa = PBXFileReference; lastKnownFileType = sourcecode.swift; path = CompanyComponent.swift; sourceTree = "<group>"; };
		5A6C8DF2229376940057778B /* CompanyComponent.xib */ = {isa = PBXFileReference; lastKnownFileType = file.xib; path = CompanyComponent.xib; sourceTree = "<group>"; };
		5A70000B2291C3AD00EF1579 /* Task.app */ = {isa = PBXFileReference; explicitFileType = wrapper.application; includeInIndex = 0; path = Task.app; sourceTree = BUILT_PRODUCTS_DIR; };
		5A70000E2291C3AD00EF1579 /* AppDelegate.swift */ = {isa = PBXFileReference; lastKnownFileType = sourcecode.swift; path = AppDelegate.swift; sourceTree = "<group>"; };
		5A7000132291C3AD00EF1579 /* Base */ = {isa = PBXFileReference; lastKnownFileType = file.storyboard; name = Base; path = Base.lproj/Main.storyboard; sourceTree = "<group>"; };
		5A7000152291C3B300EF1579 /* Assets.xcassets */ = {isa = PBXFileReference; lastKnownFileType = folder.assetcatalog; path = Assets.xcassets; sourceTree = "<group>"; };
		5A7000182291C3B300EF1579 /* Base */ = {isa = PBXFileReference; lastKnownFileType = file.storyboard; name = Base; path = Base.lproj/LaunchScreen.storyboard; sourceTree = "<group>"; };
		5A70001A2291C3B300EF1579 /* Info.plist */ = {isa = PBXFileReference; lastKnownFileType = text.plist.xml; path = Info.plist; sourceTree = "<group>"; };
		5A70001F2291C3B400EF1579 /* TaskTests.xctest */ = {isa = PBXFileReference; explicitFileType = wrapper.cfbundle; includeInIndex = 0; path = TaskTests.xctest; sourceTree = BUILT_PRODUCTS_DIR; };
		5A7000232291C3B400EF1579 /* TaskTests.swift */ = {isa = PBXFileReference; lastKnownFileType = sourcecode.swift; path = TaskTests.swift; sourceTree = "<group>"; };
		5A7000252291C3B400EF1579 /* Info.plist */ = {isa = PBXFileReference; lastKnownFileType = text.plist.xml; path = Info.plist; sourceTree = "<group>"; };
		5A70002A2291C3B400EF1579 /* TaskUITests.xctest */ = {isa = PBXFileReference; explicitFileType = wrapper.cfbundle; includeInIndex = 0; path = TaskUITests.xctest; sourceTree = BUILT_PRODUCTS_DIR; };
		5A70002E2291C3B400EF1579 /* TaskUITests.swift */ = {isa = PBXFileReference; lastKnownFileType = sourcecode.swift; path = TaskUITests.swift; sourceTree = "<group>"; };
		5A7000302291C3B400EF1579 /* Info.plist */ = {isa = PBXFileReference; lastKnownFileType = text.plist.xml; path = Info.plist; sourceTree = "<group>"; };
		5AFF3A7F2291C5FE00CDCB6F /* BaseService.swift */ = {isa = PBXFileReference; lastKnownFileType = sourcecode.swift; path = BaseService.swift; sourceTree = "<group>"; };
		5AFF3A812291C66D00CDCB6F /* UserService.swift */ = {isa = PBXFileReference; lastKnownFileType = sourcecode.swift; path = UserService.swift; sourceTree = "<group>"; };
		5AFF3A832291C67C00CDCB6F /* AlbumsService.swift */ = {isa = PBXFileReference; lastKnownFileType = sourcecode.swift; path = AlbumsService.swift; sourceTree = "<group>"; };
		5AFF3A852291C80D00CDCB6F /* User.swift */ = {isa = PBXFileReference; lastKnownFileType = sourcecode.swift; path = User.swift; sourceTree = "<group>"; };
		5AFF3A872291C88A00CDCB6F /* Photos.swift */ = {isa = PBXFileReference; lastKnownFileType = sourcecode.swift; path = Photos.swift; sourceTree = "<group>"; };
		5AFF3A892291CE7900CDCB6F /* PhotosViewController.swift */ = {isa = PBXFileReference; lastKnownFileType = sourcecode.swift; path = PhotosViewController.swift; sourceTree = "<group>"; };
		5AFF3A8B2291CEA700CDCB6F /* UsersViewController.swift */ = {isa = PBXFileReference; lastKnownFileType = sourcecode.swift; path = UsersViewController.swift; sourceTree = "<group>"; };
		5AFF3A8D2291CFCA00CDCB6F /* DetailsViewController.swift */ = {isa = PBXFileReference; lastKnownFileType = sourcecode.swift; path = DetailsViewController.swift; sourceTree = "<group>"; };
		5AFF3A902291D15500CDCB6F /* UserTableViewCell.swift */ = {isa = PBXFileReference; lastKnownFileType = sourcecode.swift; path = UserTableViewCell.swift; sourceTree = "<group>"; };
		71B1675666E7031C993C24A5 /* Pods_TaskUITests.framework */ = {isa = PBXFileReference; explicitFileType = wrapper.framework; includeInIndex = 0; path = Pods_TaskUITests.framework; sourceTree = BUILT_PRODUCTS_DIR; };
		B36CD7495B7318BCB4D4D0BC /* Pods_Task.framework */ = {isa = PBXFileReference; explicitFileType = wrapper.framework; includeInIndex = 0; path = Pods_Task.framework; sourceTree = BUILT_PRODUCTS_DIR; };
		BBC8B6F1A6C2C137B6A33B65 /* Pods-Task.debug.xcconfig */ = {isa = PBXFileReference; includeInIndex = 1; lastKnownFileType = text.xcconfig; name = "Pods-Task.debug.xcconfig"; path = "Target Support Files/Pods-Task/Pods-Task.debug.xcconfig"; sourceTree = "<group>"; };
		C7630A5A2293FF2300F89F2A /* ImageCollectionViewCell.swift */ = {isa = PBXFileReference; fileEncoding = 4; lastKnownFileType = sourcecode.swift; path = ImageCollectionViewCell.swift; sourceTree = "<group>"; };
		C7630A5E22940B4700F89F2A /* ImageStore.swift */ = {isa = PBXFileReference; lastKnownFileType = sourcecode.swift; path = ImageStore.swift; sourceTree = "<group>"; };
		C7630A612294461D00F89F2A /* Album.swift */ = {isa = PBXFileReference; lastKnownFileType = sourcecode.swift; path = Album.swift; sourceTree = "<group>"; };
		CAC2FD75EAE00524B4B19925 /* Pods-TaskTests.debug.xcconfig */ = {isa = PBXFileReference; includeInIndex = 1; lastKnownFileType = text.xcconfig; name = "Pods-TaskTests.debug.xcconfig"; path = "Target Support Files/Pods-TaskTests/Pods-TaskTests.debug.xcconfig"; sourceTree = "<group>"; };
		E6734F8199B4D3C9FDBF70E8 /* Pods-TaskTests.release.xcconfig */ = {isa = PBXFileReference; includeInIndex = 1; lastKnownFileType = text.xcconfig; name = "Pods-TaskTests.release.xcconfig"; path = "Target Support Files/Pods-TaskTests/Pods-TaskTests.release.xcconfig"; sourceTree = "<group>"; };
/* End PBXFileReference section */

/* Begin PBXFrameworksBuildPhase section */
		5A7000082291C3AD00EF1579 /* Frameworks */ = {
			isa = PBXFrameworksBuildPhase;
			buildActionMask = 2147483647;
			files = (
				64088903DC1F3B33323062C2 /* Pods_Task.framework in Frameworks */,
			);
			runOnlyForDeploymentPostprocessing = 0;
		};
		5A70001C2291C3B400EF1579 /* Frameworks */ = {
			isa = PBXFrameworksBuildPhase;
			buildActionMask = 2147483647;
			files = (
				52789CA2F8AD146193D6C233 /* Pods_TaskTests.framework in Frameworks */,
			);
			runOnlyForDeploymentPostprocessing = 0;
		};
		5A7000272291C3B400EF1579 /* Frameworks */ = {
			isa = PBXFrameworksBuildPhase;
			buildActionMask = 2147483647;
			files = (
				39AAEFEC3C6AADACDEB9AE99 /* Pods_TaskUITests.framework in Frameworks */,
			);
			runOnlyForDeploymentPostprocessing = 0;
		};
/* End PBXFrameworksBuildPhase section */

/* Begin PBXGroup section */
		5A6C8DEA229373A40057778B /* Address */ = {
			isa = PBXGroup;
			children = (
				5A6C8DEB229373B30057778B /* Address.xib */,
				5A6C8DED229373D10057778B /* Address.swift */,
			);
			path = Address;
			sourceTree = "<group>";
		};
		5A6C8DEF2293766B0057778B /* Company */ = {
			isa = PBXGroup;
			children = (
				5A6C8DF0229376820057778B /* CompanyComponent.swift */,
				5A6C8DF2229376940057778B /* CompanyComponent.xib */,
			);
			path = Company;
			sourceTree = "<group>";
		};
		5A7000022291C3AC00EF1579 = {
			isa = PBXGroup;
			children = (
				5A70000D2291C3AD00EF1579 /* Task */,
				5A7000222291C3B400EF1579 /* TaskTests */,
				5A70002D2291C3B400EF1579 /* TaskUITests */,
				5A70000C2291C3AD00EF1579 /* Products */,
				E80B464CF45ACD9A78078B34 /* Pods */,
				61174C5F1018620FE66AA246 /* Frameworks */,
			);
			sourceTree = "<group>";
		};
		5A70000C2291C3AD00EF1579 /* Products */ = {
			isa = PBXGroup;
			children = (
				5A70000B2291C3AD00EF1579 /* Task.app */,
				5A70001F2291C3B400EF1579 /* TaskTests.xctest */,
				5A70002A2291C3B400EF1579 /* TaskUITests.xctest */,
			);
			name = Products;
			sourceTree = "<group>";
		};
		5A70000D2291C3AD00EF1579 /* Task */ = {
			isa = PBXGroup;
			children = (
				5A70000E2291C3AD00EF1579 /* AppDelegate.swift */,
				5AFF3A8F2291D13300CDCB6F /* Components */,
				5A7000412291C44700EF1579 /* Storyboards */,
				5A70003E2291C42500EF1579 /* Services */,
				5A70003D2291C41C00EF1579 /* Viewcontrollers */,
				5A70003C2291C3C700EF1579 /* Models */,
				C7630A602294459F00F89F2A /* Resources */,
			);
			path = Task;
			sourceTree = "<group>";
		};
		5A7000222291C3B400EF1579 /* TaskTests */ = {
			isa = PBXGroup;
			children = (
				5A7000232291C3B400EF1579 /* TaskTests.swift */,
				5A7000252291C3B400EF1579 /* Info.plist */,
			);
			path = TaskTests;
			sourceTree = "<group>";
		};
		5A70002D2291C3B400EF1579 /* TaskUITests */ = {
			isa = PBXGroup;
			children = (
				5A70002E2291C3B400EF1579 /* TaskUITests.swift */,
				5A7000302291C3B400EF1579 /* Info.plist */,
			);
			path = TaskUITests;
			sourceTree = "<group>";
		};
		5A70003C2291C3C700EF1579 /* Models */ = {
			isa = PBXGroup;
			children = (
				5AFF3A852291C80D00CDCB6F /* User.swift */,
				5AFF3A872291C88A00CDCB6F /* Photos.swift */,
				C7630A612294461D00F89F2A /* Album.swift */,
			);
			path = Models;
			sourceTree = "<group>";
		};
		5A70003D2291C41C00EF1579 /* Viewcontrollers */ = {
			isa = PBXGroup;
			children = (
				5AFF3A892291CE7900CDCB6F /* PhotosViewController.swift */,
				5AFF3A8B2291CEA700CDCB6F /* UsersViewController.swift */,
				5AFF3A8D2291CFCA00CDCB6F /* DetailsViewController.swift */,
			);
			path = Viewcontrollers;
			sourceTree = "<group>";
		};
		5A70003E2291C42500EF1579 /* Services */ = {
			isa = PBXGroup;
			children = (
				5AFF3A7F2291C5FE00CDCB6F /* BaseService.swift */,
				5AFF3A812291C66D00CDCB6F /* UserService.swift */,
				5AFF3A832291C67C00CDCB6F /* AlbumsService.swift */,
				C7630A5E22940B4700F89F2A /* ImageStore.swift */,
			);
			path = Services;
			sourceTree = "<group>";
		};
		5A7000412291C44700EF1579 /* Storyboards */ = {
			isa = PBXGroup;
			children = (
				5A7000122291C3AD00EF1579 /* Main.storyboard */,
				5A7000172291C3B300EF1579 /* LaunchScreen.storyboard */,
			);
			path = Storyboards;
			sourceTree = "<group>";
		};
		5AFF3A8F2291D13300CDCB6F /* Components */ = {
			isa = PBXGroup;
			children = (
				5A6C8DEF2293766B0057778B /* Company */,
				5A6C8DEA229373A40057778B /* Address */,
				C7630A5A2293FF2300F89F2A /* ImageCollectionViewCell.swift */,
				5AFF3A902291D15500CDCB6F /* UserTableViewCell.swift */,
				5A6C8DE722935CCD0057778B /* GallarySectionCollectionReusableView.swift */,
			);
			path = Components;
			sourceTree = "<group>";
		};
		61174C5F1018620FE66AA246 /* Frameworks */ = {
			isa = PBXGroup;
			children = (
				B36CD7495B7318BCB4D4D0BC /* Pods_Task.framework */,
				111BAE416A50E031982BFD7C /* Pods_TaskTests.framework */,
				71B1675666E7031C993C24A5 /* Pods_TaskUITests.framework */,
			);
			name = Frameworks;
			sourceTree = "<group>";
		};
		C7630A602294459F00F89F2A /* Resources */ = {
			isa = PBXGroup;
			children = (
				5A7000152291C3B300EF1579 /* Assets.xcassets */,
				5A70001A2291C3B300EF1579 /* Info.plist */,
			);
			path = Resources;
			sourceTree = "<group>";
		};
		E80B464CF45ACD9A78078B34 /* Pods */ = {
			isa = PBXGroup;
			children = (
				BBC8B6F1A6C2C137B6A33B65 /* Pods-Task.debug.xcconfig */,
				43F1745BDDA9BECCE6146108 /* Pods-Task.release.xcconfig */,
				CAC2FD75EAE00524B4B19925 /* Pods-TaskTests.debug.xcconfig */,
				E6734F8199B4D3C9FDBF70E8 /* Pods-TaskTests.release.xcconfig */,
				3B39A6C7ED61779E37BF88A4 /* Pods-TaskUITests.debug.xcconfig */,
				561C298E9132086FCA1200BF /* Pods-TaskUITests.release.xcconfig */,
			);
			path = Pods;
			sourceTree = "<group>";
		};
/* End PBXGroup section */

/* Begin PBXNativeTarget section */
		5A70000A2291C3AD00EF1579 /* Task */ = {
			isa = PBXNativeTarget;
			buildConfigurationList = 5A7000332291C3B400EF1579 /* Build configuration list for PBXNativeTarget "Task" */;
			buildPhases = (
				49C74B332A28E7BF2F81CFA6 /* [CP] Check Pods Manifest.lock */,
				5A7000072291C3AD00EF1579 /* Sources */,
				5A7000082291C3AD00EF1579 /* Frameworks */,
				5A7000092291C3AD00EF1579 /* Resources */,
				F3D31A1F9D4E6D2A956606CD /* [CP] Embed Pods Frameworks */,
			);
			buildRules = (
			);
			dependencies = (
			);
			name = Task;
			productName = Task;
			productReference = 5A70000B2291C3AD00EF1579 /* Task.app */;
			productType = "com.apple.product-type.application";
		};
		5A70001E2291C3B400EF1579 /* TaskTests */ = {
			isa = PBXNativeTarget;
			buildConfigurationList = 5A7000362291C3B400EF1579 /* Build configuration list for PBXNativeTarget "TaskTests" */;
			buildPhases = (
				428D2BAA05C3073031460D22 /* [CP] Check Pods Manifest.lock */,
				5A70001B2291C3B400EF1579 /* Sources */,
				5A70001C2291C3B400EF1579 /* Frameworks */,
				5A70001D2291C3B400EF1579 /* Resources */,
			);
			buildRules = (
			);
			dependencies = (
				5A7000212291C3B400EF1579 /* PBXTargetDependency */,
			);
			name = TaskTests;
			productName = TaskTests;
			productReference = 5A70001F2291C3B400EF1579 /* TaskTests.xctest */;
			productType = "com.apple.product-type.bundle.unit-test";
		};
		5A7000292291C3B400EF1579 /* TaskUITests */ = {
			isa = PBXNativeTarget;
			buildConfigurationList = 5A7000392291C3B400EF1579 /* Build configuration list for PBXNativeTarget "TaskUITests" */;
			buildPhases = (
				42B17D877334C00139818118 /* [CP] Check Pods Manifest.lock */,
				5A7000262291C3B400EF1579 /* Sources */,
				5A7000272291C3B400EF1579 /* Frameworks */,
				5A7000282291C3B400EF1579 /* Resources */,
			);
			buildRules = (
			);
			dependencies = (
				5A70002C2291C3B400EF1579 /* PBXTargetDependency */,
			);
			name = TaskUITests;
			productName = TaskUITests;
			productReference = 5A70002A2291C3B400EF1579 /* TaskUITests.xctest */;
			productType = "com.apple.product-type.bundle.ui-testing";
		};
/* End PBXNativeTarget section */

/* Begin PBXProject section */
		5A7000032291C3AC00EF1579 /* Project object */ = {
			isa = PBXProject;
			attributes = {
				LastSwiftUpdateCheck = 1010;
				LastUpgradeCheck = 1010;
				ORGANIZATIONNAME = mhmdraziq;
				TargetAttributes = {
					5A70000A2291C3AD00EF1579 = {
						CreatedOnToolsVersion = 10.1;
					};
					5A70001E2291C3B400EF1579 = {
						CreatedOnToolsVersion = 10.1;
						TestTargetID = 5A70000A2291C3AD00EF1579;
					};
					5A7000292291C3B400EF1579 = {
						CreatedOnToolsVersion = 10.1;
						TestTargetID = 5A70000A2291C3AD00EF1579;
					};
				};
			};
			buildConfigurationList = 5A7000062291C3AD00EF1579 /* Build configuration list for PBXProject "Task" */;
			compatibilityVersion = "Xcode 9.3";
			developmentRegion = en;
			hasScannedForEncodings = 0;
			knownRegions = (
				en,
				Base,
			);
			mainGroup = 5A7000022291C3AC00EF1579;
			productRefGroup = 5A70000C2291C3AD00EF1579 /* Products */;
			projectDirPath = "";
			projectRoot = "";
			targets = (
				5A70000A2291C3AD00EF1579 /* Task */,
				5A70001E2291C3B400EF1579 /* TaskTests */,
				5A7000292291C3B400EF1579 /* TaskUITests */,
			);
		};
/* End PBXProject section */

/* Begin PBXResourcesBuildPhase section */
		5A7000092291C3AD00EF1579 /* Resources */ = {
			isa = PBXResourcesBuildPhase;
			buildActionMask = 2147483647;
			files = (
				5A7000192291C3B300EF1579 /* LaunchScreen.storyboard in Resources */,
				5A6C8DF3229376940057778B /* CompanyComponent.xib in Resources */,
				5A7000162291C3B300EF1579 /* Assets.xcassets in Resources */,
				5A6C8DEC229373B30057778B /* Address.xib in Resources */,
				5A7000142291C3AD00EF1579 /* Main.storyboard in Resources */,
			);
			runOnlyForDeploymentPostprocessing = 0;
		};
		5A70001D2291C3B400EF1579 /* Resources */ = {
			isa = PBXResourcesBuildPhase;
			buildActionMask = 2147483647;
			files = (
			);
			runOnlyForDeploymentPostprocessing = 0;
		};
		5A7000282291C3B400EF1579 /* Resources */ = {
			isa = PBXResourcesBuildPhase;
			buildActionMask = 2147483647;
			files = (
			);
			runOnlyForDeploymentPostprocessing = 0;
		};
/* End PBXResourcesBuildPhase section */

/* Begin PBXShellScriptBuildPhase section */
		428D2BAA05C3073031460D22 /* [CP] Check Pods Manifest.lock */ = {
			isa = PBXShellScriptBuildPhase;
			buildActionMask = 2147483647;
			files = (
			);
			inputFileListPaths = (
			);
			inputPaths = (
				"${PODS_PODFILE_DIR_PATH}/Podfile.lock",
				"${PODS_ROOT}/Manifest.lock",
			);
			name = "[CP] Check Pods Manifest.lock";
			outputFileListPaths = (
			);
			outputPaths = (
				"$(DERIVED_FILE_DIR)/Pods-TaskTests-checkManifestLockResult.txt",
			);
			runOnlyForDeploymentPostprocessing = 0;
			shellPath = /bin/sh;
			shellScript = "diff \"${PODS_PODFILE_DIR_PATH}/Podfile.lock\" \"${PODS_ROOT}/Manifest.lock\" > /dev/null\nif [ $? != 0 ] ; then\n    # print error to STDERR\n    echo \"error: The sandbox is not in sync with the Podfile.lock. Run 'pod install' or update your CocoaPods installation.\" >&2\n    exit 1\nfi\n# This output is used by Xcode 'outputs' to avoid re-running this script phase.\necho \"SUCCESS\" > \"${SCRIPT_OUTPUT_FILE_0}\"\n";
			showEnvVarsInLog = 0;
		};
		42B17D877334C00139818118 /* [CP] Check Pods Manifest.lock */ = {
			isa = PBXShellScriptBuildPhase;
			buildActionMask = 2147483647;
			files = (
			);
			inputFileListPaths = (
			);
			inputPaths = (
				"${PODS_PODFILE_DIR_PATH}/Podfile.lock",
				"${PODS_ROOT}/Manifest.lock",
			);
			name = "[CP] Check Pods Manifest.lock";
			outputFileListPaths = (
			);
			outputPaths = (
				"$(DERIVED_FILE_DIR)/Pods-TaskUITests-checkManifestLockResult.txt",
			);
			runOnlyForDeploymentPostprocessing = 0;
			shellPath = /bin/sh;
			shellScript = "diff \"${PODS_PODFILE_DIR_PATH}/Podfile.lock\" \"${PODS_ROOT}/Manifest.lock\" > /dev/null\nif [ $? != 0 ] ; then\n    # print error to STDERR\n    echo \"error: The sandbox is not in sync with the Podfile.lock. Run 'pod install' or update your CocoaPods installation.\" >&2\n    exit 1\nfi\n# This output is used by Xcode 'outputs' to avoid re-running this script phase.\necho \"SUCCESS\" > \"${SCRIPT_OUTPUT_FILE_0}\"\n";
			showEnvVarsInLog = 0;
		};
		49C74B332A28E7BF2F81CFA6 /* [CP] Check Pods Manifest.lock */ = {
			isa = PBXShellScriptBuildPhase;
			buildActionMask = 2147483647;
			files = (
			);
			inputFileListPaths = (
			);
			inputPaths = (
				"${PODS_PODFILE_DIR_PATH}/Podfile.lock",
				"${PODS_ROOT}/Manifest.lock",
			);
			name = "[CP] Check Pods Manifest.lock";
			outputFileListPaths = (
			);
			outputPaths = (
				"$(DERIVED_FILE_DIR)/Pods-Task-checkManifestLockResult.txt",
			);
			runOnlyForDeploymentPostprocessing = 0;
			shellPath = /bin/sh;
			shellScript = "diff \"${PODS_PODFILE_DIR_PATH}/Podfile.lock\" \"${PODS_ROOT}/Manifest.lock\" > /dev/null\nif [ $? != 0 ] ; then\n    # print error to STDERR\n    echo \"error: The sandbox is not in sync with the Podfile.lock. Run 'pod install' or update your CocoaPods installation.\" >&2\n    exit 1\nfi\n# This output is used by Xcode 'outputs' to avoid re-running this script phase.\necho \"SUCCESS\" > \"${SCRIPT_OUTPUT_FILE_0}\"\n";
			showEnvVarsInLog = 0;
		};
		F3D31A1F9D4E6D2A956606CD /* [CP] Embed Pods Frameworks */ = {
			isa = PBXShellScriptBuildPhase;
			buildActionMask = 2147483647;
			files = (
			);
			inputFileListPaths = (
			);
			inputPaths = (
				"${PODS_ROOT}/Target Support Files/Pods-Task/Pods-Task-frameworks.sh",
				"${BUILT_PRODUCTS_DIR}/Alamofire/Alamofire.framework",
			);
			name = "[CP] Embed Pods Frameworks";
			outputFileListPaths = (
			);
			outputPaths = (
				"${TARGET_BUILD_DIR}/${FRAMEWORKS_FOLDER_PATH}/Alamofire.framework",
			);
			runOnlyForDeploymentPostprocessing = 0;
			shellPath = /bin/sh;
			shellScript = "\"${PODS_ROOT}/Target Support Files/Pods-Task/Pods-Task-frameworks.sh\"\n";
			showEnvVarsInLog = 0;
		};
/* End PBXShellScriptBuildPhase section */

/* Begin PBXSourcesBuildPhase section */
		5A7000072291C3AD00EF1579 /* Sources */ = {
			isa = PBXSourcesBuildPhase;
			buildActionMask = 2147483647;
			files = (
				5A6C8DE822935CCD0057778B /* GallarySectionCollectionReusableView.swift in Sources */,
				5AFF3A822291C66D00CDCB6F /* UserService.swift in Sources */,
				5AFF3A8A2291CE7900CDCB6F /* PhotosViewController.swift in Sources */,
				C7630A5F22940B4700F89F2A /* ImageStore.swift in Sources */,
				5AFF3A912291D15500CDCB6F /* UserTableViewCell.swift in Sources */,
				5AFF3A862291C80D00CDCB6F /* User.swift in Sources */,
				C7630A5B2293FF2300F89F2A /* ImageCollectionViewCell.swift in Sources */,
				C7630A622294461D00F89F2A /* Album.swift in Sources */,
				5A6C8DEE229373D20057778B /* Address.swift in Sources */,
				5AFF3A842291C67C00CDCB6F /* AlbumsService.swift in Sources */,
				5A6C8DF1229376820057778B /* CompanyComponent.swift in Sources */,
				5A70000F2291C3AD00EF1579 /* AppDelegate.swift in Sources */,
				5AFF3A802291C5FE00CDCB6F /* BaseService.swift in Sources */,
				5AFF3A8C2291CEA700CDCB6F /* UsersViewController.swift in Sources */,
				5AFF3A882291C88A00CDCB6F /* Photos.swift in Sources */,
				5AFF3A8E2291CFCA00CDCB6F /* DetailsViewController.swift in Sources */,
			);
			runOnlyForDeploymentPostprocessing = 0;
		};
		5A70001B2291C3B400EF1579 /* Sources */ = {
			isa = PBXSourcesBuildPhase;
			buildActionMask = 2147483647;
			files = (
				5A7000242291C3B400EF1579 /* TaskTests.swift in Sources */,
			);
			runOnlyForDeploymentPostprocessing = 0;
		};
		5A7000262291C3B400EF1579 /* Sources */ = {
			isa = PBXSourcesBuildPhase;
			buildActionMask = 2147483647;
			files = (
				5A70002F2291C3B400EF1579 /* TaskUITests.swift in Sources */,
			);
			runOnlyForDeploymentPostprocessing = 0;
		};
/* End PBXSourcesBuildPhase section */

/* Begin PBXTargetDependency section */
		5A7000212291C3B400EF1579 /* PBXTargetDependency */ = {
			isa = PBXTargetDependency;
			target = 5A70000A2291C3AD00EF1579 /* Task */;
			targetProxy = 5A7000202291C3B400EF1579 /* PBXContainerItemProxy */;
		};
		5A70002C2291C3B400EF1579 /* PBXTargetDependency */ = {
			isa = PBXTargetDependency;
			target = 5A70000A2291C3AD00EF1579 /* Task */;
			targetProxy = 5A70002B2291C3B400EF1579 /* PBXContainerItemProxy */;
		};
/* End PBXTargetDependency section */

/* Begin PBXVariantGroup section */
		5A7000122291C3AD00EF1579 /* Main.storyboard */ = {
			isa = PBXVariantGroup;
			children = (
				5A7000132291C3AD00EF1579 /* Base */,
			);
			name = Main.storyboard;
			sourceTree = "<group>";
		};
		5A7000172291C3B300EF1579 /* LaunchScreen.storyboard */ = {
			isa = PBXVariantGroup;
			children = (
				5A7000182291C3B300EF1579 /* Base */,
			);
			name = LaunchScreen.storyboard;
			sourceTree = "<group>";
		};
/* End PBXVariantGroup section */

/* Begin XCBuildConfiguration section */
		5A7000312291C3B400EF1579 /* Debug */ = {
			isa = XCBuildConfiguration;
			buildSettings = {
				ALWAYS_SEARCH_USER_PATHS = NO;
				CLANG_ANALYZER_NONNULL = YES;
				CLANG_ANALYZER_NUMBER_OBJECT_CONVERSION = YES_AGGRESSIVE;
				CLANG_CXX_LANGUAGE_STANDARD = "gnu++14";
				CLANG_CXX_LIBRARY = "libc++";
				CLANG_ENABLE_MODULES = YES;
				CLANG_ENABLE_OBJC_ARC = YES;
				CLANG_ENABLE_OBJC_WEAK = YES;
				CLANG_WARN_BLOCK_CAPTURE_AUTORELEASING = YES;
				CLANG_WARN_BOOL_CONVERSION = YES;
				CLANG_WARN_COMMA = YES;
				CLANG_WARN_CONSTANT_CONVERSION = YES;
				CLANG_WARN_DEPRECATED_OBJC_IMPLEMENTATIONS = YES;
				CLANG_WARN_DIRECT_OBJC_ISA_USAGE = YES_ERROR;
				CLANG_WARN_DOCUMENTATION_COMMENTS = YES;
				CLANG_WARN_EMPTY_BODY = YES;
				CLANG_WARN_ENUM_CONVERSION = YES;
				CLANG_WARN_INFINITE_RECURSION = YES;
				CLANG_WARN_INT_CONVERSION = YES;
				CLANG_WARN_NON_LITERAL_NULL_CONVERSION = YES;
				CLANG_WARN_OBJC_IMPLICIT_RETAIN_SELF = YES;
				CLANG_WARN_OBJC_LITERAL_CONVERSION = YES;
				CLANG_WARN_OBJC_ROOT_CLASS = YES_ERROR;
				CLANG_WARN_RANGE_LOOP_ANALYSIS = YES;
				CLANG_WARN_STRICT_PROTOTYPES = YES;
				CLANG_WARN_SUSPICIOUS_MOVE = YES;
				CLANG_WARN_UNGUARDED_AVAILABILITY = YES_AGGRESSIVE;
				CLANG_WARN_UNREACHABLE_CODE = YES;
				CLANG_WARN__DUPLICATE_METHOD_MATCH = YES;
				CODE_SIGN_IDENTITY = "iPhone Developer";
				COPY_PHASE_STRIP = NO;
				DEBUG_INFORMATION_FORMAT = dwarf;
				ENABLE_STRICT_OBJC_MSGSEND = YES;
				ENABLE_TESTABILITY = YES;
				GCC_C_LANGUAGE_STANDARD = gnu11;
				GCC_DYNAMIC_NO_PIC = NO;
				GCC_NO_COMMON_BLOCKS = YES;
				GCC_OPTIMIZATION_LEVEL = 0;
				GCC_PREPROCESSOR_DEFINITIONS = (
					"DEBUG=1",
					"$(inherited)",
				);
				GCC_WARN_64_TO_32_BIT_CONVERSION = YES;
				GCC_WARN_ABOUT_RETURN_TYPE = YES_ERROR;
				GCC_WARN_UNDECLARED_SELECTOR = YES;
				GCC_WARN_UNINITIALIZED_AUTOS = YES_AGGRESSIVE;
				GCC_WARN_UNUSED_FUNCTION = YES;
				GCC_WARN_UNUSED_VARIABLE = YES;
				IPHONEOS_DEPLOYMENT_TARGET = 12.1;
				MTL_ENABLE_DEBUG_INFO = INCLUDE_SOURCE;
				MTL_FAST_MATH = YES;
				ONLY_ACTIVE_ARCH = YES;
				SDKROOT = iphoneos;
				SWIFT_ACTIVE_COMPILATION_CONDITIONS = DEBUG;
				SWIFT_OPTIMIZATION_LEVEL = "-Onone";
			};
			name = Debug;
		};
		5A7000322291C3B400EF1579 /* Release */ = {
			isa = XCBuildConfiguration;
			buildSettings = {
				ALWAYS_SEARCH_USER_PATHS = NO;
				CLANG_ANALYZER_NONNULL = YES;
				CLANG_ANALYZER_NUMBER_OBJECT_CONVERSION = YES_AGGRESSIVE;
				CLANG_CXX_LANGUAGE_STANDARD = "gnu++14";
				CLANG_CXX_LIBRARY = "libc++";
				CLANG_ENABLE_MODULES = YES;
				CLANG_ENABLE_OBJC_ARC = YES;
				CLANG_ENABLE_OBJC_WEAK = YES;
				CLANG_WARN_BLOCK_CAPTURE_AUTORELEASING = YES;
				CLANG_WARN_BOOL_CONVERSION = YES;
				CLANG_WARN_COMMA = YES;
				CLANG_WARN_CONSTANT_CONVERSION = YES;
				CLANG_WARN_DEPRECATED_OBJC_IMPLEMENTATIONS = YES;
				CLANG_WARN_DIRECT_OBJC_ISA_USAGE = YES_ERROR;
				CLANG_WARN_DOCUMENTATION_COMMENTS = YES;
				CLANG_WARN_EMPTY_BODY = YES;
				CLANG_WARN_ENUM_CONVERSION = YES;
				CLANG_WARN_INFINITE_RECURSION = YES;
				CLANG_WARN_INT_CONVERSION = YES;
				CLANG_WARN_NON_LITERAL_NULL_CONVERSION = YES;
				CLANG_WARN_OBJC_IMPLICIT_RETAIN_SELF = YES;
				CLANG_WARN_OBJC_LITERAL_CONVERSION = YES;
				CLANG_WARN_OBJC_ROOT_CLASS = YES_ERROR;
				CLANG_WARN_RANGE_LOOP_ANALYSIS = YES;
				CLANG_WARN_STRICT_PROTOTYPES = YES;
				CLANG_WARN_SUSPICIOUS_MOVE = YES;
				CLANG_WARN_UNGUARDED_AVAILABILITY = YES_AGGRESSIVE;
				CLANG_WARN_UNREACHABLE_CODE = YES;
				CLANG_WARN__DUPLICATE_METHOD_MATCH = YES;
				CODE_SIGN_IDENTITY = "iPhone Developer";
				COPY_PHASE_STRIP = NO;
				DEBUG_INFORMATION_FORMAT = "dwarf-with-dsym";
				ENABLE_NS_ASSERTIONS = NO;
				ENABLE_STRICT_OBJC_MSGSEND = YES;
				GCC_C_LANGUAGE_STANDARD = gnu11;
				GCC_NO_COMMON_BLOCKS = YES;
				GCC_WARN_64_TO_32_BIT_CONVERSION = YES;
				GCC_WARN_ABOUT_RETURN_TYPE = YES_ERROR;
				GCC_WARN_UNDECLARED_SELECTOR = YES;
				GCC_WARN_UNINITIALIZED_AUTOS = YES_AGGRESSIVE;
				GCC_WARN_UNUSED_FUNCTION = YES;
				GCC_WARN_UNUSED_VARIABLE = YES;
				IPHONEOS_DEPLOYMENT_TARGET = 12.1;
				MTL_ENABLE_DEBUG_INFO = NO;
				MTL_FAST_MATH = YES;
				SDKROOT = iphoneos;
				SWIFT_COMPILATION_MODE = wholemodule;
				SWIFT_OPTIMIZATION_LEVEL = "-O";
				VALIDATE_PRODUCT = YES;
			};
			name = Release;
		};
		5A7000342291C3B400EF1579 /* Debug */ = {
			isa = XCBuildConfiguration;
			baseConfigurationReference = BBC8B6F1A6C2C137B6A33B65 /* Pods-Task.debug.xcconfig */;
			buildSettings = {
				ASSETCATALOG_COMPILER_APPICON_NAME = AppIcon;
				CODE_SIGN_STYLE = Automatic;
				DEVELOPMENT_TEAM = 7SKVU2N8R3;
				INFOPLIST_FILE = Task/Resources/Info.plist;
				LD_RUNPATH_SEARCH_PATHS = (
					"$(inherited)",
					"@executable_path/Frameworks",
				);
				PRODUCT_BUNDLE_IDENTIFIER = mhmd.Task;
				PRODUCT_NAME = "$(TARGET_NAME)";
				SWIFT_VERSION = 4.2;
				TARGETED_DEVICE_FAMILY = "1,2";
			};
			name = Debug;
		};
		5A7000352291C3B400EF1579 /* Release */ = {
			isa = XCBuildConfiguration;
			baseConfigurationReference = 43F1745BDDA9BECCE6146108 /* Pods-Task.release.xcconfig */;
			buildSettings = {
				ASSETCATALOG_COMPILER_APPICON_NAME = AppIcon;
				CODE_SIGN_STYLE = Automatic;
				DEVELOPMENT_TEAM = 7SKVU2N8R3;
				INFOPLIST_FILE = Task/Resources/Info.plist;
				LD_RUNPATH_SEARCH_PATHS = (
					"$(inherited)",
					"@executable_path/Frameworks",
				);
				PRODUCT_BUNDLE_IDENTIFIER = mhmd.Task;
				PRODUCT_NAME = "$(TARGET_NAME)";
				SWIFT_VERSION = 4.2;
				TARGETED_DEVICE_FAMILY = "1,2";
			};
			name = Release;
		};
		5A7000372291C3B400EF1579 /* Debug */ = {
			isa = XCBuildConfiguration;
			baseConfigurationReference = CAC2FD75EAE00524B4B19925 /* Pods-TaskTests.debug.xcconfig */;
			buildSettings = {
				ALWAYS_EMBED_SWIFT_STANDARD_LIBRARIES = YES;
				BUNDLE_LOADER = "$(TEST_HOST)";
				CODE_SIGN_STYLE = Automatic;
				DEVELOPMENT_TEAM = 7SKVU2N8R3;
				INFOPLIST_FILE = TaskTests/Info.plist;
				LD_RUNPATH_SEARCH_PATHS = (
					"$(inherited)",
					"@executable_path/Frameworks",
					"@loader_path/Frameworks",
				);
				PRODUCT_BUNDLE_IDENTIFIER = mhmd.TaskTests;
				PRODUCT_NAME = "$(TARGET_NAME)";
				SWIFT_VERSION = 4.2;
				TARGETED_DEVICE_FAMILY = "1,2";
				TEST_HOST = "$(BUILT_PRODUCTS_DIR)/Task.app/Task";
			};
			name = Debug;
		};
		5A7000382291C3B400EF1579 /* Release */ = {
			isa = XCBuildConfiguration;
			baseConfigurationReference = E6734F8199B4D3C9FDBF70E8 /* Pods-TaskTests.release.xcconfig */;
			buildSettings = {
				ALWAYS_EMBED_SWIFT_STANDARD_LIBRARIES = YES;
				BUNDLE_LOADER = "$(TEST_HOST)";
				CODE_SIGN_STYLE = Automatic;
				DEVELOPMENT_TEAM = 7SKVU2N8R3;
				INFOPLIST_FILE = TaskTests/Info.plist;
				LD_RUNPATH_SEARCH_PATHS = (
					"$(inherited)",
					"@executable_path/Frameworks",
					"@loader_path/Frameworks",
				);
				PRODUCT_BUNDLE_IDENTIFIER = mhmd.TaskTests;
				PRODUCT_NAME = "$(TARGET_NAME)";
				SWIFT_VERSION = 4.2;
				TARGETED_DEVICE_FAMILY = "1,2";
				TEST_HOST = "$(BUILT_PRODUCTS_DIR)/Task.app/Task";
			};
			name = Release;
		};
		5A70003A2291C3B400EF1579 /* Debug */ = {
			isa = XCBuildConfiguration;
			baseConfigurationReference = 3B39A6C7ED61779E37BF88A4 /* Pods-TaskUITests.debug.xcconfig */;
			buildSettings = {
				ALWAYS_EMBED_SWIFT_STANDARD_LIBRARIES = YES;
				CODE_SIGN_STYLE = Automatic;
				DEVELOPMENT_TEAM = 7SKVU2N8R3;
				INFOPLIST_FILE = TaskUITests/Info.plist;
				LD_RUNPATH_SEARCH_PATHS = (
					"$(inherited)",
					"@executable_path/Frameworks",
					"@loader_path/Frameworks",
				);
				PRODUCT_BUNDLE_IDENTIFIER = mhmd.TaskUITests;
				PRODUCT_NAME = "$(TARGET_NAME)";
				SWIFT_VERSION = 4.2;
				TARGETED_DEVICE_FAMILY = "1,2";
				TEST_TARGET_NAME = Task;
			};
			name = Debug;
		};
		5A70003B2291C3B400EF1579 /* Release */ = {
			isa = XCBuildConfiguration;
			baseConfigurationReference = 561C298E9132086FCA1200BF /* Pods-TaskUITests.release.xcconfig */;
			buildSettings = {
				ALWAYS_EMBED_SWIFT_STANDARD_LIBRARIES = YES;
				CODE_SIGN_STYLE = Automatic;
				DEVELOPMENT_TEAM = 7SKVU2N8R3;
				INFOPLIST_FILE = TaskUITests/Info.plist;
				LD_RUNPATH_SEARCH_PATHS = (
					"$(inherited)",
					"@executable_path/Frameworks",
					"@loader_path/Frameworks",
				);
				PRODUCT_BUNDLE_IDENTIFIER = mhmd.TaskUITests;
				PRODUCT_NAME = "$(TARGET_NAME)";
				SWIFT_VERSION = 4.2;
				TARGETED_DEVICE_FAMILY = "1,2";
				TEST_TARGET_NAME = Task;
			};
			name = Release;
		};
/* End XCBuildConfiguration section */

/* Begin XCConfigurationList section */
		5A7000062291C3AD00EF1579 /* Build configuration list for PBXProject "Task" */ = {
			isa = XCConfigurationList;
			buildConfigurations = (
				5A7000312291C3B400EF1579 /* Debug */,
				5A7000322291C3B400EF1579 /* Release */,
			);
			defaultConfigurationIsVisible = 0;
			defaultConfigurationName = Release;
		};
		5A7000332291C3B400EF1579 /* Build configuration list for PBXNativeTarget "Task" */ = {
			isa = XCConfigurationList;
			buildConfigurations = (
				5A7000342291C3B400EF1579 /* Debug */,
				5A7000352291C3B400EF1579 /* Release */,
			);
			defaultConfigurationIsVisible = 0;
			defaultConfigurationName = Release;
		};
		5A7000362291C3B400EF1579 /* Build configuration list for PBXNativeTarget "TaskTests" */ = {
			isa = XCConfigurationList;
			buildConfigurations = (
				5A7000372291C3B400EF1579 /* Debug */,
				5A7000382291C3B400EF1579 /* Release */,
			);
			defaultConfigurationIsVisible = 0;
			defaultConfigurationName = Release;
		};
		5A7000392291C3B400EF1579 /* Build configuration list for PBXNativeTarget "TaskUITests" */ = {
			isa = XCConfigurationList;
			buildConfigurations = (
				5A70003A2291C3B400EF1579 /* Debug */,
				5A70003B2291C3B400EF1579 /* Release */,
			);
			defaultConfigurationIsVisible = 0;
			defaultConfigurationName = Release;
		};
/* End XCConfigurationList section */
	};
	rootObject = 5A7000032291C3AC00EF1579 /* Project object */;
}
